
Microsoft Visual Studio Solution File, Format Version 12.00
# Visual Studio Version 17
VisualStudioVersion = 17.9.34902.65
MinimumVisualStudioVersion = 10.0.40219.1
Project("{888888A0-9F3D-457C-B088-3A5042F75D52}") = "kolzo", "kolzo.pyproj", "{73574957-DE8C-4A5D-8081-F3AB2C7B10CE}"
EndProject
Global
	GlobalSection(SolutionConfigurationPlatforms) = preSolution
		Debug|Any CPU = Debug|Any CPU
		Release|Any CPU = Release|Any CPU
	EndGlobalSection
	GlobalSection(ProjectConfigurationPlatforms) = postSolution
		{73574957-DE8C-4A5D-8081-F3AB2C7B10CE}.Debug|Any CPU.ActiveCfg = Debug|Any CPU
		{73574957-DE8C-4A5D-8081-F3AB2C7B10CE}.Debug|Any CPU.Build.0 = Debug|Any CPU
		{73574957-DE8C-4A5D-8081-F3AB2C7B10CE}.Release|Any CPU.ActiveCfg = Release|Any CPU
		{73574957-DE8C-4A5D-8081-F3AB2C7B10CE}.Release|Any CPU.Build.0 = Release|Any CPU
	EndGlobalSection
	GlobalSection(SolutionProperties) = preSolution
		HideSolutionNode = FALSE
	EndGlobalSection
	GlobalSection(ExtensibilityGlobals) = postSolution
		SolutionGuid = {D28CCC75-1D6F-43A7-8495-2CB78B2FF5D3}
	EndGlobalSection
EndGlobal
